
Microsoft Visual Studio Solution File, Format Version 12.00
# Visual Studio Version 17
VisualStudioVersion = 17.8.34330.188
MinimumVisualStudioVersion = 10.0.40219.1
Project("{FAE04EC0-301F-11D3-BF4B-00C04F79EFBC}") = "Test", "Test\Test.csproj", "{99E7A682-9891-42F4-8CFA-FDF100A67444}"
EndProject
Global
	GlobalSection(SolutionConfigurationPlatforms) = preSolution
		Debug|Any CPU = Debug|Any CPU
		Release|Any CPU = Release|Any CPU
	EndGlobalSection
	GlobalSection(ProjectConfigurationPlatforms) = postSolution
		{99E7A682-9891-42F4-8CFA-FDF100A67444}.Debug|Any CPU.ActiveCfg = Debug|Any CPU
		{99E7A682-9891-42F4-8CFA-FDF100A67444}.Debug|Any CPU.Build.0 = Debug|Any CPU
		{99E7A682-9891-42F4-8CFA-FDF100A67444}.Release|Any CPU.ActiveCfg = Release|Any CPU
		{99E7A682-9891-42F4-8CFA-FDF100A67444}.Release|Any CPU.Build.0 = Release|Any CPU
	EndGlobalSection
	GlobalSection(SolutionProperties) = preSolution
		HideSolutionNode = FALSE
	EndGlobalSection
	GlobalSection(ExtensibilityGlobals) = postSolution
		SolutionGuid = {9DB07414-EBF0-4647-93C6-05C74E394CA1}
	EndGlobalSection
EndGlobal
